
Microsoft Visual Studio Solution File, Format Version 12.00
# Visual Studio Version 16
VisualStudioVersion = 16.0.29920.165
MinimumVisualStudioVersion = 10.0.40219.1
Project("{9A19103F-16F7-4668-BE54-9A1E7A4F7556}") = "test", "test\test.csproj", "{FC569F8F-D520-4227-86B7-4BE5ED51D111}"
EndProject
Project("{FAE04EC0-301F-11D3-BF4B-00C04F79EFBC}") = "MyProject", "MyProject\MyProject.csproj", "{EA144543-3BA9-4C09-ADCB-1C33F1DAFB54}"
EndProject
Global
	GlobalSection(SolutionConfigurationPlatforms) = preSolution
		Debug|Any CPU = Debug|Any CPU
		Release|Any CPU = Release|Any CPU
	EndGlobalSection
	GlobalSection(ProjectConfigurationPlatforms) = postSolution
		{FC569F8F-D520-4227-86B7-4BE5ED51D111}.Debug|Any CPU.ActiveCfg = Debug|Any CPU
		{FC569F8F-D520-4227-86B7-4BE5ED51D111}.Debug|Any CPU.Build.0 = Debug|Any CPU
		{FC569F8F-D520-4227-86B7-4BE5ED51D111}.Release|Any CPU.ActiveCfg = Release|Any CPU
		{FC569F8F-D520-4227-86B7-4BE5ED51D111}.Release|Any CPU.Build.0 = Release|Any CPU
		{EA144543-3BA9-4C09-ADCB-1C33F1DAFB54}.Debug|Any CPU.ActiveCfg = Debug|Any CPU
		{EA144543-3BA9-4C09-ADCB-1C33F1DAFB54}.Debug|Any CPU.Build.0 = Debug|Any CPU
		{EA144543-3BA9-4C09-ADCB-1C33F1DAFB54}.Release|Any CPU.ActiveCfg = Release|Any CPU
		{EA144543-3BA9-4C09-ADCB-1C33F1DAFB54}.Release|Any CPU.Build.0 = Release|Any CPU
	EndGlobalSection
	GlobalSection(SolutionProperties) = preSolution
		HideSolutionNode = FALSE
	EndGlobalSection
	GlobalSection(ExtensibilityGlobals) = postSolution
		SolutionGuid = {D01B4A86-AA91-4F21-A140-D0A2B1900D10}
	EndGlobalSection
EndGlobal
